{
  "name": "python",
  "lockfileVersion": 2,
  "requires": true,
  "packages": {
    "": {
      "dependencies": {
        "prettytable": "^0.3.1",
        "tkinter": "^0.0.2-security"
      }
    },
    "node_modules/csv-parse": {
      "version": "4.16.0",
      "resolved": "https://registry.npmjs.org/csv-parse/-/csv-parse-4.16.0.tgz",
      "integrity": "sha512-Zb4tGPANH4SW0LgC9+s9Mnequs9aqn7N3/pCqNbVjs2XhEF6yWNU2Vm4OGl1v2Go9nw8rXt87Cm2QN/o6Vpqgg=="
    },
    "node_modules/prettytable": {
      "version": "0.3.1",
      "resolved": "https://registry.npmjs.org/prettytable/-/prettytable-0.3.1.tgz",
      "integrity": "sha1-/y4FXYxwDAkoIXbnlU+NWb8wPbA=",
      "dependencies": {
        "csv-parse": "latest"
      }
    },
    "node_modules/tkinter": {
      "version": "0.0.2-security",
      "resolved": "https://registry.npmjs.org/tkinter/-/tkinter-0.0.2-security.tgz",
      "integrity": "sha512-UkXsGCGdbiWduImQ2pmtU6QnHmICrD1nrEyI+Nfg85l+psxenZKGzjNs43uvNerz2qJBmIHgBmxFnHWFzXk2uw=="
    }
  },
  "dependencies": {
    "csv-parse": {
      "version": "4.16.0",
      "resolved": "https://registry.npmjs.org/csv-parse/-/csv-parse-4.16.0.tgz",
      "integrity": "sha512-Zb4tGPANH4SW0LgC9+s9Mnequs9aqn7N3/pCqNbVjs2XhEF6yWNU2Vm4OGl1v2Go9nw8rXt87Cm2QN/o6Vpqgg=="
    },
    "prettytable": {
      "version": "0.3.1",
      "resolved": "https://registry.npmjs.org/prettytable/-/prettytable-0.3.1.tgz",
      "integrity": "sha1-/y4FXYxwDAkoIXbnlU+NWb8wPbA=",
      "requires": {
        "csv-parse": "latest"
      }
    },
    "tkinter": {
      "version": "0.0.2-security",
      "resolved": "https://registry.npmjs.org/tkinter/-/tkinter-0.0.2-security.tgz",
      "integrity": "sha512-UkXsGCGdbiWduImQ2pmtU6QnHmICrD1nrEyI+Nfg85l+psxenZKGzjNs43uvNerz2qJBmIHgBmxFnHWFzXk2uw=="
    }
  }
}
